
Microsoft Visual Studio Solution File, Format Version 12.00
# Visual Studio Version 16
VisualStudioVersion = 16.0.30413.136
MinimumVisualStudioVersion = 10.0.40219.1
Project("{FAE04EC0-301F-11D3-BF4B-00C04F79EFBC}") = "AquacraftBot", "AquacraftBot\AquacraftBot.csproj", "{C2E10C48-5B48-4DD2-88D1-1B88C20F007D}"
EndProject
Global
	GlobalSection(SolutionConfigurationPlatforms) = preSolution
		Debug|Any CPU = Debug|Any CPU
		Release|Any CPU = Release|Any CPU
	EndGlobalSection
	GlobalSection(ProjectConfigurationPlatforms) = postSolution
		{C2E10C48-5B48-4DD2-88D1-1B88C20F007D}.Debug|Any CPU.ActiveCfg = Debug|Any CPU
		{C2E10C48-5B48-4DD2-88D1-1B88C20F007D}.Debug|Any CPU.Build.0 = Debug|Any CPU
		{C2E10C48-5B48-4DD2-88D1-1B88C20F007D}.Release|Any CPU.ActiveCfg = Release|Any CPU
		{C2E10C48-5B48-4DD2-88D1-1B88C20F007D}.Release|Any CPU.Build.0 = Release|Any CPU
	EndGlobalSection
	GlobalSection(SolutionProperties) = preSolution
		HideSolutionNode = FALSE
	EndGlobalSection
	GlobalSection(ExtensibilityGlobals) = postSolution
		SolutionGuid = {CB6A3AD7-FE2E-4555-955B-296227F11585}
	EndGlobalSection
EndGlobal
